
Microsoft Visual Studio Solution File, Format Version 12.00
# Visual Studio Version 17
VisualStudioVersion = 17.10.35004.147
MinimumVisualStudioVersion = 10.0.40219.1
Project("{9A19103F-16F7-4668-BE54-9A1E7A4F7556}") = "myShop.DataAccess", "myShop.DataAccess\myShop.DataAccess.csproj", "{376C0810-0350-48C1-80C5-41D7D9F7562F}"
EndProject
Project("{9A19103F-16F7-4668-BE54-9A1E7A4F7556}") = "myShop.Entity", "myShop.Entity\myShop.Entity.csproj", "{B7C67CE2-E4E1-4594-B08A-167BF6F8E8FC}"
EndProject
Project("{9A19103F-16F7-4668-BE54-9A1E7A4F7556}") = "myShop.Uititlity", "myShop.Uititlity\myShop.Uititlity.csproj", "{1B35AC44-8AB1-4F3B-ADED-C4100768EC14}"
EndProject
Project("{9A19103F-16F7-4668-BE54-9A1E7A4F7556}") = "myShop.Web", "WebShop\myShop.Web.csproj", "{E2853357-9B52-45A5-83B0-A124F34C1A75}"
EndProject
Global
	GlobalSection(SolutionConfigurationPlatforms) = preSolution
		Debug|Any CPU = Debug|Any CPU
		Release|Any CPU = Release|Any CPU
	EndGlobalSection
	GlobalSection(ProjectConfigurationPlatforms) = postSolution
		{376C0810-0350-48C1-80C5-41D7D9F7562F}.Debug|Any CPU.ActiveCfg = Debug|Any CPU
		{376C0810-0350-48C1-80C5-41D7D9F7562F}.Debug|Any CPU.Build.0 = Debug|Any CPU
		{376C0810-0350-48C1-80C5-41D7D9F7562F}.Release|Any CPU.ActiveCfg = Release|Any CPU
		{376C0810-0350-48C1-80C5-41D7D9F7562F}.Release|Any CPU.Build.0 = Release|Any CPU
		{B7C67CE2-E4E1-4594-B08A-167BF6F8E8FC}.Debug|Any CPU.ActiveCfg = Debug|Any CPU
		{B7C67CE2-E4E1-4594-B08A-167BF6F8E8FC}.Debug|Any CPU.Build.0 = Debug|Any CPU
		{B7C67CE2-E4E1-4594-B08A-167BF6F8E8FC}.Release|Any CPU.ActiveCfg = Release|Any CPU
		{B7C67CE2-E4E1-4594-B08A-167BF6F8E8FC}.Release|Any CPU.Build.0 = Release|Any CPU
		{1B35AC44-8AB1-4F3B-ADED-C4100768EC14}.Debug|Any CPU.ActiveCfg = Debug|Any CPU
		{1B35AC44-8AB1-4F3B-ADED-C4100768EC14}.Debug|Any CPU.Build.0 = Debug|Any CPU
		{1B35AC44-8AB1-4F3B-ADED-C4100768EC14}.Release|Any CPU.ActiveCfg = Release|Any CPU
		{1B35AC44-8AB1-4F3B-ADED-C4100768EC14}.Release|Any CPU.Build.0 = Release|Any CPU
		{E2853357-9B52-45A5-83B0-A124F34C1A75}.Debug|Any CPU.ActiveCfg = Debug|Any CPU
		{E2853357-9B52-45A5-83B0-A124F34C1A75}.Debug|Any CPU.Build.0 = Debug|Any CPU
		{E2853357-9B52-45A5-83B0-A124F34C1A75}.Release|Any CPU.ActiveCfg = Release|Any CPU
		{E2853357-9B52-45A5-83B0-A124F34C1A75}.Release|Any CPU.Build.0 = Release|Any CPU
	EndGlobalSection
	GlobalSection(SolutionProperties) = preSolution
		HideSolutionNode = FALSE
	EndGlobalSection
	GlobalSection(ExtensibilityGlobals) = postSolution
		SolutionGuid = {13AB7182-9543-4D76-9A91-EC0F08C9E836}
	EndGlobalSection
EndGlobal
